{
  "version": 4,
  "terraform_version": "1.6.6",
  "serial": 172,
  "lineage": "1a14c3c5-cce1-660f-9e31-7a2940209ac1",
  "outputs": {
    "BlobContainerName": {
      "value": "sourcedata",
      "type": "string"
    },
    "BlobFileName": {
      "value": "GlobalLandTemperatures.csv",
      "type": "string"
    },
    "RgName": {
      "value": "DataFactoryDemoRG",
      "type": "string"
    },
    "StgAccountName": {
      "value": "datafactorydemomgp6c",
      "type": "string"
    }
  },
  "resources": [
    {
      "module": "module.DataFactory",
      "mode": "managed",
      "type": "azurerm_data_factory",
      "name": "datafactory",
      "provider": "provider[\"registry.terraform.io/hashicorp/azurerm\"]",
      "instances": [
        {
          "schema_version": 2,
          "attributes": {
            "customer_managed_key_id": "",
            "customer_managed_key_identity_id": "",
            "github_configuration": [],
            "global_parameter": [],
            "id": "/subscriptions/13e00d37-8978-4c95-ae1d-1b76f93d699a/resourceGroups/DataFactoryDemoRG/providers/Microsoft.DataFactory/factories/DataFactoryDemoDF7726860",
            "identity": [],
            "location": "westeurope",
            "managed_virtual_network_enabled": false,
            "name": "DataFactoryDemoDF7726860",
            "public_network_enabled": true,
            "purview_id": "",
            "resource_group_name": "DataFactoryDemoRG",
            "tags": null,
            "timeouts": null,
            "vsts_configuration": []
          },
          "sensitive_attributes": [],
          "private": "eyJlMmJmYjczMC1lY2FhLTExZTYtOGY4OC0zNDM2M2JjN2M0YzAiOnsiY3JlYXRlIjoxODAwMDAwMDAwMDAwLCJkZWxldGUiOjE4MDAwMDAwMDAwMDAsInJlYWQiOjMwMDAwMDAwMDAwMCwidXBkYXRlIjoxODAwMDAwMDAwMDAwfSwic2NoZW1hX3ZlcnNpb24iOiIyIn0=",
          "dependencies": [
            "module.ResourceGroup.azurerm_resource_group.rg"
          ]
        }
      ]
    },
    {
      "module": "module.DataFactory",
      "mode": "managed",
      "type": "azurerm_data_factory_dataset_azure_blob",
      "name": "blobdataset",
      "provider": "provider[\"registry.terraform.io/hashicorp/azurerm\"]",
      "instances": [
        {
          "schema_version": 0,
          "attributes": {
            "additional_properties": null,
            "annotations": null,
            "data_factory_id": "/subscriptions/13e00d37-8978-4c95-ae1d-1b76f93d699a/resourceGroups/DataFactoryDemoRG/providers/Microsoft.DataFactory/factories/DataFactoryDemoDF7726860",
            "description": "",
            "dynamic_filename_enabled": false,
            "dynamic_path_enabled": false,
            "filename": "",
            "folder": null,
            "id": "/subscriptions/13e00d37-8978-4c95-ae1d-1b76f93d699a/resourceGroups/DataFactoryDemoRG/providers/Microsoft.DataFactory/factories/DataFactoryDemoDF7726860/datasets/DataFactoryDemoBlobDataset",
            "linked_service_name": "DataFactoryDemoBlobLink",
            "name": "DataFactoryDemoBlobDataset",
            "parameters": null,
            "path": "",
            "schema_column": [],
            "timeouts": null
          },
          "sensitive_attributes": [],
          "private": "eyJlMmJmYjczMC1lY2FhLTExZTYtOGY4OC0zNDM2M2JjN2M0YzAiOnsiY3JlYXRlIjoxODAwMDAwMDAwMDAwLCJkZWxldGUiOjE4MDAwMDAwMDAwMDAsInJlYWQiOjMwMDAwMDAwMDAwMCwidXBkYXRlIjoxODAwMDAwMDAwMDAwfX0=",
          "dependencies": [
            "module.DataFactory.azurerm_data_factory.datafactory",
            "module.DataFactory.azurerm_data_factory_linked_service_azure_blob_storage.bloblink",
            "module.ResourceGroup.azurerm_resource_group.rg",
            "module.StorageAccount.azurerm_storage_account.StgAccount",
            "module.StorageAccount.random_string.rnd"
          ]
        }
      ]
    },
    {
      "module": "module.DataFactory",
      "mode": "managed",
      "type": "azurerm_data_factory_linked_service_azure_blob_storage",
      "name": "bloblink",
      "provider": "provider[\"registry.terraform.io/hashicorp/azurerm\"]",
      "instances": [
        {
          "schema_version": 0,
          "attributes": {
            "additional_properties": null,
            "annotations": null,
            "connection_string": "DefaultEndpointsProtocol=https;BlobEndpoint=https://datafactorydemomgp6c.blob.core.windows.net/;AccountName=datafactorydemomgp6c;AccountKey=IuYVIDqG2HhLLCtlpD10JD7HHXN9Vzun/7GZWWEdDxjG1YCKhmYyN+DPjorBRn2vi2KOkNnY1IfZ+ASt7XpPfQ==",
            "connection_string_insecure": null,
            "data_factory_id": "/subscriptions/13e00d37-8978-4c95-ae1d-1b76f93d699a/resourceGroups/DataFactoryDemoRG/providers/Microsoft.DataFactory/factories/DataFactoryDemoDF7726860",
            "description": "",
            "id": "/subscriptions/13e00d37-8978-4c95-ae1d-1b76f93d699a/resourceGroups/DataFactoryDemoRG/providers/Microsoft.DataFactory/factories/DataFactoryDemoDF7726860/linkedservices/DataFactoryDemoBlobLink",
            "integration_runtime_name": null,
            "key_vault_sas_token": [],
            "name": "DataFactoryDemoBlobLink",
            "parameters": null,
            "sas_uri": null,
            "service_endpoint": null,
            "service_principal_id": "",
            "service_principal_key": null,
            "service_principal_linked_key_vault_key": [],
            "storage_kind": "",
            "tenant_id": "",
            "timeouts": null,
            "use_managed_identity": false
          },
          "sensitive_attributes": [
            [
              {
                "type": "get_attr",
                "value": "connection_string"
              }
            ]
          ],
          "private": "eyJlMmJmYjczMC1lY2FhLTExZTYtOGY4OC0zNDM2M2JjN2M0YzAiOnsiY3JlYXRlIjoxODAwMDAwMDAwMDAwLCJkZWxldGUiOjE4MDAwMDAwMDAwMDAsInJlYWQiOjMwMDAwMDAwMDAwMCwidXBkYXRlIjoxODAwMDAwMDAwMDAwfX0=",
          "dependencies": [
            "module.DataFactory.azurerm_data_factory.datafactory",
            "module.ResourceGroup.azurerm_resource_group.rg",
            "module.StorageAccount.azurerm_storage_account.StgAccount",
            "module.StorageAccount.random_string.rnd"
          ]
        }
      ]
    },
    {
      "module": "module.DataFactory",
      "mode": "managed",
      "type": "azurerm_data_factory_pipeline",
      "name": "datafactorypipeline",
      "provider": "provider[\"registry.terraform.io/hashicorp/azurerm\"]",
      "instances": [
        {
          "schema_version": 0,
          "attributes": {
            "activities_json": null,
            "annotations": null,
            "concurrency": 0,
            "data_factory_id": "/subscriptions/13e00d37-8978-4c95-ae1d-1b76f93d699a/resourceGroups/DataFactoryDemoRG/providers/Microsoft.DataFactory/factories/DataFactoryDemoDF7726860",
            "description": "",
            "folder": null,
            "id": "/subscriptions/13e00d37-8978-4c95-ae1d-1b76f93d699a/resourceGroups/DataFactoryDemoRG/providers/Microsoft.DataFactory/factories/DataFactoryDemoDF7726860/pipelines/DataFactoryDemoBlobToSQL",
            "moniter_metrics_after_duration": "",
            "name": "DataFactoryDemoBlobToSQL",
            "parameters": null,
            "timeouts": null,
            "variables": null
          },
          "sensitive_attributes": [],
          "private": "eyJlMmJmYjczMC1lY2FhLTExZTYtOGY4OC0zNDM2M2JjN2M0YzAiOnsiY3JlYXRlIjoxODAwMDAwMDAwMDAwLCJkZWxldGUiOjE4MDAwMDAwMDAwMDAsInJlYWQiOjMwMDAwMDAwMDAwMCwidXBkYXRlIjoxODAwMDAwMDAwMDAwfX0=",
          "dependencies": [
            "module.DataFactory.azurerm_data_factory.datafactory",
            "module.ResourceGroup.azurerm_resource_group.rg"
          ]
        }
      ]
    },
    {
      "module": "module.ResourceGroup",
      "mode": "managed",
      "type": "azurerm_resource_group",
      "name": "rg",
      "provider": "provider[\"registry.terraform.io/hashicorp/azurerm\"]",
      "instances": [
        {
          "schema_version": 0,
          "attributes": {
            "id": "/subscriptions/13e00d37-8978-4c95-ae1d-1b76f93d699a/resourceGroups/DataFactoryDemoRG",
            "location": "westeurope",
            "managed_by": "",
            "name": "DataFactoryDemoRG",
            "tags": null,
            "timeouts": null
          },
          "sensitive_attributes": [],
          "private": "eyJlMmJmYjczMC1lY2FhLTExZTYtOGY4OC0zNDM2M2JjN2M0YzAiOnsiY3JlYXRlIjo1NDAwMDAwMDAwMDAwLCJkZWxldGUiOjU0MDAwMDAwMDAwMDAsInJlYWQiOjMwMDAwMDAwMDAwMCwidXBkYXRlIjo1NDAwMDAwMDAwMDAwfX0="
        }
      ]
    },
    {
      "module": "module.SqlDatabase",
      "mode": "managed",
      "type": "azurerm_mssql_database",
      "name": "sqldatabase",
      "provider": "provider[\"registry.terraform.io/hashicorp/azurerm\"]",
      "instances": [
        {
          "schema_version": 1,
          "attributes": {
            "auto_pause_delay_in_minutes": 0,
            "collation": "SQL_Latin1_General_CP1_CI_AS",
            "create_mode": "Default",
            "creation_source_database_id": null,
            "elastic_pool_id": "",
            "enclave_type": "",
            "geo_backup_enabled": true,
            "id": "/subscriptions/13e00d37-8978-4c95-ae1d-1b76f93d699a/resourceGroups/DataFactoryDemoRG/providers/Microsoft.Sql/servers/datafactorydemosqlserver/databases/DataFactoryDemoSQL",
            "identity": [],
            "import": [],
            "ledger_enabled": false,
            "license_type": "BasePrice",
            "long_term_retention_policy": [
              {
                "monthly_retention": "PT0S",
                "week_of_year": 1,
                "weekly_retention": "PT0S",
                "yearly_retention": "PT0S"
              }
            ],
            "maintenance_configuration_name": "SQL_Default",
            "max_size_gb": 2,
            "min_capacity": 0,
            "name": "DataFactoryDemoSQL",
            "read_replica_count": 0,
            "read_scale": false,
            "recover_database_id": null,
            "restore_dropped_database_id": null,
            "restore_point_in_time": null,
            "sample_name": null,
            "server_id": "/subscriptions/13e00d37-8978-4c95-ae1d-1b76f93d699a/resourceGroups/DataFactoryDemoRG/providers/Microsoft.Sql/servers/datafactorydemosqlserver",
            "short_term_retention_policy": [
              {
                "backup_interval_in_hours": 12,
                "retention_days": 7
              }
            ],
            "sku_name": "GP_Gen5_2",
            "storage_account_type": "Geo",
            "tags": null,
            "threat_detection_policy": [
              {
                "disabled_alerts": [],
                "email_account_admins": "Disabled",
                "email_addresses": [],
                "retention_days": 0,
                "state": "Disabled",
                "storage_account_access_key": "",
                "storage_endpoint": ""
              }
            ],
            "timeouts": null,
            "transparent_data_encryption_enabled": true,
            "transparent_data_encryption_key_automatic_rotation_enabled": false,
            "transparent_data_encryption_key_vault_key_id": "",
            "zone_redundant": false
          },
          "sensitive_attributes": [],
          "private": "eyJlMmJmYjczMC1lY2FhLTExZTYtOGY4OC0zNDM2M2JjN2M0YzAiOnsiY3JlYXRlIjozNjAwMDAwMDAwMDAwLCJkZWxldGUiOjM2MDAwMDAwMDAwMDAsInJlYWQiOjMwMDAwMDAwMDAwMCwidXBkYXRlIjozNjAwMDAwMDAwMDAwfSwic2NoZW1hX3ZlcnNpb24iOiIxIn0=",
          "dependencies": [
            "module.ResourceGroup.azurerm_resource_group.rg",
            "module.SqlDatabase.azurerm_mssql_server.sqlserver"
          ]
        }
      ]
    },
    {
      "module": "module.SqlDatabase",
      "mode": "managed",
      "type": "azurerm_mssql_firewall_rule",
      "name": "firewallrules",
      "provider": "provider[\"registry.terraform.io/hashicorp/azurerm\"]",
      "instances": [
        {
          "schema_version": 0,
          "attributes": {
            "end_ip_address": "0.0.0.0",
            "id": "/subscriptions/13e00d37-8978-4c95-ae1d-1b76f93d699a/resourceGroups/DataFactoryDemoRG/providers/Microsoft.Sql/servers/datafactorydemosqlserver/firewallRules/AllowAzureServices",
            "name": "AllowAzureServices",
            "server_id": "/subscriptions/13e00d37-8978-4c95-ae1d-1b76f93d699a/resourceGroups/DataFactoryDemoRG/providers/Microsoft.Sql/servers/datafactorydemosqlserver",
            "start_ip_address": "0.0.0.0",
            "timeouts": null
          },
          "sensitive_attributes": [],
          "private": "eyJlMmJmYjczMC1lY2FhLTExZTYtOGY4OC0zNDM2M2JjN2M0YzAiOnsiY3JlYXRlIjoxODAwMDAwMDAwMDAwLCJkZWxldGUiOjE4MDAwMDAwMDAwMDAsInJlYWQiOjMwMDAwMDAwMDAwMCwidXBkYXRlIjoxODAwMDAwMDAwMDAwfX0=",
          "dependencies": [
            "module.ResourceGroup.azurerm_resource_group.rg",
            "module.SqlDatabase.azurerm_mssql_server.sqlserver"
          ]
        }
      ]
    },
    {
      "module": "module.SqlDatabase",
      "mode": "managed",
      "type": "azurerm_mssql_firewall_rule",
      "name": "homerule",
      "provider": "provider[\"registry.terraform.io/hashicorp/azurerm\"]",
      "instances": [
        {
          "schema_version": 0,
          "attributes": {
            "end_ip_address": "88.114.169.114",
            "id": "/subscriptions/13e00d37-8978-4c95-ae1d-1b76f93d699a/resourceGroups/DataFactoryDemoRG/providers/Microsoft.Sql/servers/datafactorydemosqlserver/firewallRules/AllowHomeConnection",
            "name": "AllowHomeConnection",
            "server_id": "/subscriptions/13e00d37-8978-4c95-ae1d-1b76f93d699a/resourceGroups/DataFactoryDemoRG/providers/Microsoft.Sql/servers/datafactorydemosqlserver",
            "start_ip_address": "88.114.169.114",
            "timeouts": null
          },
          "sensitive_attributes": [],
          "private": "eyJlMmJmYjczMC1lY2FhLTExZTYtOGY4OC0zNDM2M2JjN2M0YzAiOnsiY3JlYXRlIjoxODAwMDAwMDAwMDAwLCJkZWxldGUiOjE4MDAwMDAwMDAwMDAsInJlYWQiOjMwMDAwMDAwMDAwMCwidXBkYXRlIjoxODAwMDAwMDAwMDAwfX0=",
          "dependencies": [
            "module.ResourceGroup.azurerm_resource_group.rg",
            "module.SqlDatabase.azurerm_mssql_server.sqlserver"
          ]
        }
      ]
    },
    {
      "module": "module.SqlDatabase",
      "mode": "managed",
      "type": "azurerm_mssql_server",
      "name": "sqlserver",
      "provider": "provider[\"registry.terraform.io/hashicorp/azurerm\"]",
      "instances": [
        {
          "schema_version": 0,
          "attributes": {
            "administrator_login": "dfadmin",
            "administrator_login_password": "Juppe0303=",
            "azuread_administrator": [],
            "connection_policy": "Default",
            "fully_qualified_domain_name": "datafactorydemosqlserver.database.windows.net",
            "id": "/subscriptions/13e00d37-8978-4c95-ae1d-1b76f93d699a/resourceGroups/DataFactoryDemoRG/providers/Microsoft.Sql/servers/datafactorydemosqlserver",
            "identity": [],
            "location": "westeurope",
            "minimum_tls_version": "1.2",
            "name": "datafactorydemosqlserver",
            "outbound_network_restriction_enabled": false,
            "primary_user_assigned_identity_id": "",
            "public_network_access_enabled": true,
            "resource_group_name": "DataFactoryDemoRG",
            "restorable_dropped_database_ids": [],
            "tags": null,
            "timeouts": null,
            "transparent_data_encryption_key_vault_key_id": "",
            "version": "12.0"
          },
          "sensitive_attributes": [
            [
              {
                "type": "get_attr",
                "value": "administrator_login_password"
              }
            ],
            [
              {
                "type": "get_attr",
                "value": "administrator_login"
              }
            ]
          ],
          "private": "eyJlMmJmYjczMC1lY2FhLTExZTYtOGY4OC0zNDM2M2JjN2M0YzAiOnsiY3JlYXRlIjozNjAwMDAwMDAwMDAwLCJkZWxldGUiOjM2MDAwMDAwMDAwMDAsInJlYWQiOjMwMDAwMDAwMDAwMCwidXBkYXRlIjozNjAwMDAwMDAwMDAwfX0=",
          "dependencies": [
            "module.ResourceGroup.azurerm_resource_group.rg"
          ]
        }
      ]
    },
    {
      "module": "module.StorageAccount",
      "mode": "managed",
      "type": "azurerm_storage_account",
      "name": "StgAccount",
      "provider": "provider[\"registry.terraform.io/hashicorp/azurerm\"]",
      "instances": [
        {
          "schema_version": 4,
          "attributes": {
            "access_tier": "Hot",
            "account_kind": "StorageV2",
            "account_replication_type": "LRS",
            "account_tier": "Standard",
            "allow_nested_items_to_be_public": true,
            "allowed_copy_scope": "",
            "azure_files_authentication": [],
            "blob_properties": [
              {
                "change_feed_enabled": false,
                "change_feed_retention_in_days": 0,
                "container_delete_retention_policy": [],
                "cors_rule": [],
                "default_service_version": "",
                "delete_retention_policy": [],
                "last_access_time_enabled": false,
                "restore_policy": [],
                "versioning_enabled": false
              }
            ],
            "cross_tenant_replication_enabled": true,
            "custom_domain": [],
            "customer_managed_key": [],
            "default_to_oauth_authentication": false,
            "edge_zone": "",
            "enable_https_traffic_only": true,
            "id": "/subscriptions/13e00d37-8978-4c95-ae1d-1b76f93d699a/resourceGroups/DataFactoryDemoRG/providers/Microsoft.Storage/storageAccounts/datafactorydemomgp6c",
            "identity": [],
            "immutability_policy": [],
            "infrastructure_encryption_enabled": false,
            "is_hns_enabled": false,
            "large_file_share_enabled": null,
            "location": "westeurope",
            "min_tls_version": "TLS1_2",
            "name": "datafactorydemomgp6c",
            "network_rules": [
              {
                "bypass": [
                  "AzureServices"
                ],
                "default_action": "Allow",
                "ip_rules": [],
                "private_link_access": [],
                "virtual_network_subnet_ids": []
              }
            ],
            "nfsv3_enabled": false,
            "primary_access_key": "IuYVIDqG2HhLLCtlpD10JD7HHXN9Vzun/7GZWWEdDxjG1YCKhmYyN+DPjorBRn2vi2KOkNnY1IfZ+ASt7XpPfQ==",
            "primary_blob_connection_string": "DefaultEndpointsProtocol=https;BlobEndpoint=https://datafactorydemomgp6c.blob.core.windows.net/;AccountName=datafactorydemomgp6c;AccountKey=IuYVIDqG2HhLLCtlpD10JD7HHXN9Vzun/7GZWWEdDxjG1YCKhmYyN+DPjorBRn2vi2KOkNnY1IfZ+ASt7XpPfQ==",
            "primary_blob_endpoint": "https://datafactorydemomgp6c.blob.core.windows.net/",
            "primary_blob_host": "datafactorydemomgp6c.blob.core.windows.net",
            "primary_blob_internet_endpoint": null,
            "primary_blob_internet_host": null,
            "primary_blob_microsoft_endpoint": null,
            "primary_blob_microsoft_host": null,
            "primary_connection_string": "DefaultEndpointsProtocol=https;AccountName=datafactorydemomgp6c;AccountKey=IuYVIDqG2HhLLCtlpD10JD7HHXN9Vzun/7GZWWEdDxjG1YCKhmYyN+DPjorBRn2vi2KOkNnY1IfZ+ASt7XpPfQ==;EndpointSuffix=core.windows.net",
            "primary_dfs_endpoint": "https://datafactorydemomgp6c.dfs.core.windows.net/",
            "primary_dfs_host": "datafactorydemomgp6c.dfs.core.windows.net",
            "primary_dfs_internet_endpoint": null,
            "primary_dfs_internet_host": null,
            "primary_dfs_microsoft_endpoint": null,
            "primary_dfs_microsoft_host": null,
            "primary_file_endpoint": "https://datafactorydemomgp6c.file.core.windows.net/",
            "primary_file_host": "datafactorydemomgp6c.file.core.windows.net",
            "primary_file_internet_endpoint": null,
            "primary_file_internet_host": null,
            "primary_file_microsoft_endpoint": null,
            "primary_file_microsoft_host": null,
            "primary_location": "westeurope",
            "primary_queue_endpoint": "https://datafactorydemomgp6c.queue.core.windows.net/",
            "primary_queue_host": "datafactorydemomgp6c.queue.core.windows.net",
            "primary_queue_microsoft_endpoint": null,
            "primary_queue_microsoft_host": null,
            "primary_table_endpoint": "https://datafactorydemomgp6c.table.core.windows.net/",
            "primary_table_host": "datafactorydemomgp6c.table.core.windows.net",
            "primary_table_microsoft_endpoint": null,
            "primary_table_microsoft_host": null,
            "primary_web_endpoint": "https://datafactorydemomgp6c.z6.web.core.windows.net/",
            "primary_web_host": "datafactorydemomgp6c.z6.web.core.windows.net",
            "primary_web_internet_endpoint": null,
            "primary_web_internet_host": null,
            "primary_web_microsoft_endpoint": null,
            "primary_web_microsoft_host": null,
            "public_network_access_enabled": true,
            "queue_encryption_key_type": "Service",
            "queue_properties": [
              {
                "cors_rule": [],
                "hour_metrics": [
                  {
                    "enabled": true,
                    "include_apis": true,
                    "retention_policy_days": 7,
                    "version": "1.0"
                  }
                ],
                "logging": [
                  {
                    "delete": false,
                    "read": false,
                    "retention_policy_days": 0,
                    "version": "1.0",
                    "write": false
                  }
                ],
                "minute_metrics": [
                  {
                    "enabled": false,
                    "include_apis": false,
                    "retention_policy_days": 0,
                    "version": "1.0"
                  }
                ]
              }
            ],
            "resource_group_name": "DataFactoryDemoRG",
            "routing": [],
            "sas_policy": [],
            "secondary_access_key": "Pej1WEUSRlS6NOk02PBBMTn+oY0Qn1yitxEh+Ju/9ByW6W3V5ehaaFl8KKz6Ju0TkEojGKMDEwET+AStr4mpAA==",
            "secondary_blob_connection_string": "",
            "secondary_blob_endpoint": null,
            "secondary_blob_host": null,
            "secondary_blob_internet_endpoint": null,
            "secondary_blob_internet_host": null,
            "secondary_blob_microsoft_endpoint": null,
            "secondary_blob_microsoft_host": null,
            "secondary_connection_string": "DefaultEndpointsProtocol=https;AccountName=datafactorydemomgp6c;AccountKey=Pej1WEUSRlS6NOk02PBBMTn+oY0Qn1yitxEh+Ju/9ByW6W3V5ehaaFl8KKz6Ju0TkEojGKMDEwET+AStr4mpAA==;EndpointSuffix=core.windows.net",
            "secondary_dfs_endpoint": null,
            "secondary_dfs_host": null,
            "secondary_dfs_internet_endpoint": null,
            "secondary_dfs_internet_host": null,
            "secondary_dfs_microsoft_endpoint": null,
            "secondary_dfs_microsoft_host": null,
            "secondary_file_endpoint": null,
            "secondary_file_host": null,
            "secondary_file_internet_endpoint": null,
            "secondary_file_internet_host": null,
            "secondary_file_microsoft_endpoint": null,
            "secondary_file_microsoft_host": null,
            "secondary_location": "",
            "secondary_queue_endpoint": null,
            "secondary_queue_host": null,
            "secondary_queue_microsoft_endpoint": null,
            "secondary_queue_microsoft_host": null,
            "secondary_table_endpoint": null,
            "secondary_table_host": null,
            "secondary_table_microsoft_endpoint": null,
            "secondary_table_microsoft_host": null,
            "secondary_web_endpoint": null,
            "secondary_web_host": null,
            "secondary_web_internet_endpoint": null,
            "secondary_web_internet_host": null,
            "secondary_web_microsoft_endpoint": null,
            "secondary_web_microsoft_host": null,
            "sftp_enabled": false,
            "share_properties": [
              {
                "cors_rule": [],
                "retention_policy": [
                  {
                    "days": 7
                  }
                ],
                "smb": []
              }
            ],
            "shared_access_key_enabled": true,
            "static_website": [],
            "table_encryption_key_type": "Service",
            "tags": null,
            "timeouts": null
          },
          "sensitive_attributes": [],
          "private": "eyJlMmJmYjczMC1lY2FhLTExZTYtOGY4OC0zNDM2M2JjN2M0YzAiOnsiY3JlYXRlIjozNjAwMDAwMDAwMDAwLCJkZWxldGUiOjM2MDAwMDAwMDAwMDAsInJlYWQiOjMwMDAwMDAwMDAwMCwidXBkYXRlIjozNjAwMDAwMDAwMDAwfSwic2NoZW1hX3ZlcnNpb24iOiI0In0=",
          "dependencies": [
            "module.ResourceGroup.azurerm_resource_group.rg",
            "module.StorageAccount.random_string.rnd"
          ]
        }
      ]
    },
    {
      "module": "module.StorageAccount",
      "mode": "managed",
      "type": "azurerm_storage_blob",
      "name": "blobupload",
      "provider": "provider[\"registry.terraform.io/hashicorp/azurerm\"]",
      "instances": [
        {
          "schema_version": 1,
          "attributes": {
            "access_tier": "Hot",
            "cache_control": "",
            "content_md5": "",
            "content_type": "application/octet-stream",
            "id": "https://datafactorydemomgp6c.blob.core.windows.net/sourcedata/GlobalLandTemperatures.csv",
            "metadata": {},
            "name": "GlobalLandTemperatures.csv",
            "parallelism": 8,
            "size": 0,
            "source": "./data/GlobalLandTemperatures.csv",
            "source_content": null,
            "source_uri": null,
            "storage_account_name": "datafactorydemomgp6c",
            "storage_container_name": "sourcedata",
            "timeouts": null,
            "type": "Block",
            "url": "https://datafactorydemomgp6c.blob.core.windows.net/sourcedata/GlobalLandTemperatures.csv"
          },
          "sensitive_attributes": [],
          "private": "eyJlMmJmYjczMC1lY2FhLTExZTYtOGY4OC0zNDM2M2JjN2M0YzAiOnsiY3JlYXRlIjoxODAwMDAwMDAwMDAwLCJkZWxldGUiOjE4MDAwMDAwMDAwMDAsInJlYWQiOjMwMDAwMDAwMDAwMCwidXBkYXRlIjoxODAwMDAwMDAwMDAwfSwic2NoZW1hX3ZlcnNpb24iOiIxIn0=",
          "dependencies": [
            "module.ResourceGroup.azurerm_resource_group.rg",
            "module.StorageAccount.azurerm_storage_account.StgAccount",
            "module.StorageAccount.azurerm_storage_container.blobcontainer",
            "module.StorageAccount.random_string.rnd"
          ]
        }
      ]
    },
    {
      "module": "module.StorageAccount",
      "mode": "managed",
      "type": "azurerm_storage_container",
      "name": "blobcontainer",
      "provider": "provider[\"registry.terraform.io/hashicorp/azurerm\"]",
      "instances": [
        {
          "schema_version": 1,
          "attributes": {
            "container_access_type": "private",
            "has_immutability_policy": false,
            "has_legal_hold": false,
            "id": "https://datafactorydemomgp6c.blob.core.windows.net/sourcedata",
            "metadata": {},
            "name": "sourcedata",
            "resource_manager_id": "/subscriptions/13e00d37-8978-4c95-ae1d-1b76f93d699a/resourceGroups/DataFactoryDemoRG/providers/Microsoft.Storage/storageAccounts/datafactorydemomgp6c/blobServices/default/containers/sourcedata",
            "storage_account_name": "datafactorydemomgp6c",
            "timeouts": null
          },
          "sensitive_attributes": [],
          "private": "eyJlMmJmYjczMC1lY2FhLTExZTYtOGY4OC0zNDM2M2JjN2M0YzAiOnsiY3JlYXRlIjoxODAwMDAwMDAwMDAwLCJkZWxldGUiOjE4MDAwMDAwMDAwMDAsInJlYWQiOjMwMDAwMDAwMDAwMCwidXBkYXRlIjoxODAwMDAwMDAwMDAwfSwic2NoZW1hX3ZlcnNpb24iOiIxIn0=",
          "dependencies": [
            "module.ResourceGroup.azurerm_resource_group.rg",
            "module.StorageAccount.azurerm_storage_account.StgAccount",
            "module.StorageAccount.random_string.rnd"
          ]
        }
      ]
    },
    {
      "module": "module.StorageAccount",
      "mode": "managed",
      "type": "random_string",
      "name": "rnd",
      "provider": "provider[\"registry.terraform.io/hashicorp/random\"]",
      "instances": [
        {
          "schema_version": 2,
          "attributes": {
            "id": "mgp6c",
            "keepers": null,
            "length": 5,
            "lower": true,
            "min_lower": 0,
            "min_numeric": 0,
            "min_special": 0,
            "min_upper": 0,
            "number": true,
            "numeric": true,
            "override_special": null,
            "result": "mgp6c",
            "special": false,
            "upper": false
          },
          "sensitive_attributes": []
        }
      ]
    }
  ],
  "check_results": null
}
